
Microsoft Visual Studio Solution File, Format Version 12.00
# Visual Studio Version 17
VisualStudioVersion = 17.8.34330.188
MinimumVisualStudioVersion = 10.0.40219.1
Project("{FAE04EC0-301F-11D3-BF4B-00C04F79EFBC}") = "Ada.DesignPatterns", "Ada.DesignPatterns\Ada.DesignPatterns.csproj", "{93B984E9-04F9-4C88-977C-3FB7832FCBF3}"
EndProject
Global
	GlobalSection(SolutionConfigurationPlatforms) = preSolution
		Debug|Any CPU = Debug|Any CPU
		Release|Any CPU = Release|Any CPU
	EndGlobalSection
	GlobalSection(ProjectConfigurationPlatforms) = postSolution
		{93B984E9-04F9-4C88-977C-3FB7832FCBF3}.Debug|Any CPU.ActiveCfg = Debug|Any CPU
		{93B984E9-04F9-4C88-977C-3FB7832FCBF3}.Debug|Any CPU.Build.0 = Debug|Any CPU
		{93B984E9-04F9-4C88-977C-3FB7832FCBF3}.Release|Any CPU.ActiveCfg = Release|Any CPU
		{93B984E9-04F9-4C88-977C-3FB7832FCBF3}.Release|Any CPU.Build.0 = Release|Any CPU
	EndGlobalSection
	GlobalSection(SolutionProperties) = preSolution
		HideSolutionNode = FALSE
	EndGlobalSection
	GlobalSection(ExtensibilityGlobals) = postSolution
		SolutionGuid = {48211A50-45CE-4BFA-8915-3E9A014203FA}
	EndGlobalSection
EndGlobal
